// !$*UTF8*$!
{
	archiveVersion = 1;
	classes = {
	};
	objectVersion = 51;
	objects = {

/* Begin PBXBuildFile section */
		87EDC47E230AB8870059B174 /* AppDelegate.swift in Sources */ = {isa = PBXBuildFile; fileRef = 87EDC47D230AB8870059B174 /* AppDelegate.swift */; };
		87EDC480230AB8870059B174 /* ViewController.swift in Sources */ = {isa = PBXBuildFile; fileRef = 87EDC47F230AB8870059B174 /* ViewController.swift */; };
		87EDC483230AB8870059B174 /* Main.storyboard in Resources */ = {isa = PBXBuildFile; fileRef = 87EDC481230AB8870059B174 /* Main.storyboard */; };
		87EDC485230AB8880059B174 /* Assets.xcassets in Resources */ = {isa = PBXBuildFile; fileRef = 87EDC484230AB8880059B174 /* Assets.xcassets */; };
		87EDC488230AB8880059B174 /* LaunchScreen.storyboard in Resources */ = {isa = PBXBuildFile; fileRef = 87EDC486230AB8880059B174 /* LaunchScreen.storyboard */; };
		87FF3655230C3B0F00A7164F /* YjiPodModule.framework in Frameworks */ = {isa = PBXBuildFile; fileRef = 87FF3654230C3B0F00A7164F /* YjiPodModule.framework */; };
		DAFAB70CDD1322990169AC65 /* Pods_TestProject.framework in Frameworks */ = {isa = PBXBuildFile; fileRef = BA71F9EF044BE2D654C13389 /* Pods_TestProject.framework */; };
/* End PBXBuildFile section */

/* Begin PBXCopyFilesBuildPhase section */
		87243884230C101900386AA0 /* CopyFiles */ = {
			isa = PBXCopyFilesBuildPhase;
			buildActionMask = 2147483647;
			dstPath = "";
			dstSubfolderSpec = 10;
			files = (
			);
			runOnlyForDeploymentPostprocessing = 0;
		};
/* End PBXCopyFilesBuildPhase section */

/* Begin PBXFileReference section */
		700693FDB2D1A9504654AEDE /* Pods-TestProject.release.xcconfig */ = {isa = PBXFileReference; includeInIndex = 1; lastKnownFileType = text.xcconfig; name = "Pods-TestProject.release.xcconfig"; path = "Target Support Files/Pods-TestProject/Pods-TestProject.release.xcconfig"; sourceTree = "<group>"; };
		87EDC47A230AB8870059B174 /* TestProject.app */ = {isa = PBXFileReference; explicitFileType = wrapper.application; includeInIndex = 0; path = TestProject.app; sourceTree = BUILT_PRODUCTS_DIR; };
		87EDC47D230AB8870059B174 /* AppDelegate.swift */ = {isa = PBXFileReference; lastKnownFileType = sourcecode.swift; path = AppDelegate.swift; sourceTree = "<group>"; };
		87EDC47F230AB8870059B174 /* ViewController.swift */ = {isa = PBXFileReference; lastKnownFileType = sourcecode.swift; path = ViewController.swift; sourceTree = "<group>"; };
		87EDC482230AB8870059B174 /* Base */ = {isa = PBXFileReference; lastKnownFileType = file.storyboard; name = Base; path = Base.lproj/Main.storyboard; sourceTree = "<group>"; };
		87EDC484230AB8880059B174 /* Assets.xcassets */ = {isa = PBXFileReference; lastKnownFileType = folder.assetcatalog; path = Assets.xcassets; sourceTree = "<group>"; };
		87EDC487230AB8880059B174 /* Base */ = {isa = PBXFileReference; lastKnownFileType = file.storyboard; name = Base; path = Base.lproj/LaunchScreen.storyboard; sourceTree = "<group>"; };
		87EDC489230AB8880059B174 /* Info.plist */ = {isa = PBXFileReference; lastKnownFileType = text.plist.xml; path = Info.plist; sourceTree = "<group>"; };
		87FF3654230C3B0F00A7164F /* YjiPodModule.framework */ = {isa = PBXFileReference; explicitFileType = wrapper.framework; path = YjiPodModule.framework; sourceTree = BUILT_PRODUCTS_DIR; };
		87FF9200230D83D5009C4962 /* TestProject-Bridging-Header.h */ = {isa = PBXFileReference; lastKnownFileType = sourcecode.c.h; path = "TestProject-Bridging-Header.h"; sourceTree = "<group>"; };
		A01CC04C18FF1FC01AA52AE2 /* Pods-TestProject.debug.xcconfig */ = {isa = PBXFileReference; includeInIndex = 1; lastKnownFileType = text.xcconfig; name = "Pods-TestProject.debug.xcconfig"; path = "Target Support Files/Pods-TestProject/Pods-TestProject.debug.xcconfig"; sourceTree = "<group>"; };
		BA71F9EF044BE2D654C13389 /* Pods_TestProject.framework */ = {isa = PBXFileReference; explicitFileType = wrapper.framework; includeInIndex = 0; path = Pods_TestProject.framework; sourceTree = BUILT_PRODUCTS_DIR; };
/* End PBXFileReference section */

/* Begin PBXFrameworksBuildPhase section */
		87EDC477230AB8870059B174 /* Frameworks */ = {
			isa = PBXFrameworksBuildPhase;
			buildActionMask = 2147483647;
			files = (
				87FF3655230C3B0F00A7164F /* YjiPodModule.framework in Frameworks */,
				DAFAB70CDD1322990169AC65 /* Pods_TestProject.framework in Frameworks */,
			);
			runOnlyForDeploymentPostprocessing = 0;
		};
/* End PBXFrameworksBuildPhase section */

/* Begin PBXGroup section */
		220ACECD0485069C00CF46BC /* Frameworks */ = {
			isa = PBXGroup;
			children = (
				87FF3654230C3B0F00A7164F /* YjiPodModule.framework */,
				BA71F9EF044BE2D654C13389 /* Pods_TestProject.framework */,
			);
			name = Frameworks;
			sourceTree = "<group>";
		};
		87EDC471230AB8870059B174 = {
			isa = PBXGroup;
			children = (
				87EDC47C230AB8870059B174 /* TestProject */,
				87EDC47B230AB8870059B174 /* Products */,
				97FE8B169CA53CD18D205ED8 /* Pods */,
				220ACECD0485069C00CF46BC /* Frameworks */,
			);
			sourceTree = "<group>";
		};
		87EDC47B230AB8870059B174 /* Products */ = {
			isa = PBXGroup;
			children = (
				87EDC47A230AB8870059B174 /* TestProject.app */,
			);
			name = Products;
			sourceTree = "<group>";
		};
		87EDC47C230AB8870059B174 /* TestProject */ = {
			isa = PBXGroup;
			children = (
				87EDC47D230AB8870059B174 /* AppDelegate.swift */,
				87EDC47F230AB8870059B174 /* ViewController.swift */,
				87EDC481230AB8870059B174 /* Main.storyboard */,
				87EDC484230AB8880059B174 /* Assets.xcassets */,
				87EDC486230AB8880059B174 /* LaunchScreen.storyboard */,
				87EDC489230AB8880059B174 /* Info.plist */,
				87FF9200230D83D5009C4962 /* TestProject-Bridging-Header.h */,
			);
			path = TestProject;
			sourceTree = "<group>";
		};
		97FE8B169CA53CD18D205ED8 /* Pods */ = {
			isa = PBXGroup;
			children = (
				A01CC04C18FF1FC01AA52AE2 /* Pods-TestProject.debug.xcconfig */,
				700693FDB2D1A9504654AEDE /* Pods-TestProject.release.xcconfig */,
			);
			path = Pods;
			sourceTree = "<group>";
		};
/* End PBXGroup section */

/* Begin PBXNativeTarget section */
		87EDC479230AB8870059B174 /* TestProject */ = {
			isa = PBXNativeTarget;
			buildConfigurationList = 87EDC48C230AB8880059B174 /* Build configuration list for PBXNativeTarget "TestProject" */;
			buildPhases = (
				4C77C9E9507AE49CEC96D811 /* [CP] Check Pods Manifest.lock */,
				87EDC476230AB8870059B174 /* Sources */,
				87EDC477230AB8870059B174 /* Frameworks */,
				87EDC478230AB8870059B174 /* Resources */,
				87243884230C101900386AA0 /* CopyFiles */,
				B192D67D16B4246EA527CA4D /* [CP] Embed Pods Frameworks */,
			);
			buildRules = (
			);
			dependencies = (
			);
			name = TestProject;
			productName = TestProject;
			productReference = 87EDC47A230AB8870059B174 /* TestProject.app */;
			productType = "com.apple.product-type.application";
		};
/* End PBXNativeTarget section */

/* Begin PBXProject section */
		87EDC472230AB8870059B174 /* Project object */ = {
			isa = PBXProject;
			attributes = {
				LastSwiftUpdateCheck = 1030;
				LastUpgradeCheck = 1030;
				ORGANIZATIONNAME = "Eric JI";
				TargetAttributes = {
					87EDC479230AB8870059B174 = {
						CreatedOnToolsVersion = 10.3;
						LastSwiftMigration = 1030;
					};
				};
			};
			buildConfigurationList = 87EDC475230AB8870059B174 /* Build configuration list for PBXProject "TestProject" */;
			compatibilityVersion = "Xcode 9.3";
			developmentRegion = en;
			hasScannedForEncodings = 0;
			knownRegions = (
				en,
				Base,
			);
			mainGroup = 87EDC471230AB8870059B174;
			productRefGroup = 87EDC47B230AB8870059B174 /* Products */;
			projectDirPath = "";
			projectRoot = "";
			targets = (
				87EDC479230AB8870059B174 /* TestProject */,
			);
		};
/* End PBXProject section */

/* Begin PBXResourcesBuildPhase section */
		87EDC478230AB8870059B174 /* Resources */ = {
			isa = PBXResourcesBuildPhase;
			buildActionMask = 2147483647;
			files = (
				87EDC488230AB8880059B174 /* LaunchScreen.storyboard in Resources */,
				87EDC485230AB8880059B174 /* Assets.xcassets in Resources */,
				87EDC483230AB8870059B174 /* Main.storyboard in Resources */,
			);
			runOnlyForDeploymentPostprocessing = 0;
		};
/* End PBXResourcesBuildPhase section */

/* Begin PBXShellScriptBuildPhase section */
		4C77C9E9507AE49CEC96D811 /* [CP] Check Pods Manifest.lock */ = {
			isa = PBXShellScriptBuildPhase;
			buildActionMask = 2147483647;
			files = (
			);
			inputFileListPaths = (
			);
			inputPaths = (
				"${PODS_PODFILE_DIR_PATH}/Podfile.lock",
				"${PODS_ROOT}/Manifest.lock",
			);
			name = "[CP] Check Pods Manifest.lock";
			outputFileListPaths = (
			);
			outputPaths = (
				"$(DERIVED_FILE_DIR)/Pods-TestProject-checkManifestLockResult.txt",
			);
			runOnlyForDeploymentPostprocessing = 0;
			shellPath = /bin/sh;
			shellScript = "diff \"${PODS_PODFILE_DIR_PATH}/Podfile.lock\" \"${PODS_ROOT}/Manifest.lock\" > /dev/null\nif [ $? != 0 ] ; then\n    # print error to STDERR\n    echo \"error: The sandbox is not in sync with the Podfile.lock. Run 'pod install' or update your CocoaPods installation.\" >&2\n    exit 1\nfi\n# This output is used by Xcode 'outputs' to avoid re-running this script phase.\necho \"SUCCESS\" > \"${SCRIPT_OUTPUT_FILE_0}\"\n";
			showEnvVarsInLog = 0;
		};
		B192D67D16B4246EA527CA4D /* [CP] Embed Pods Frameworks */ = {
			isa = PBXShellScriptBuildPhase;
			buildActionMask = 2147483647;
			files = (
			);
			inputFileListPaths = (
				"${PODS_ROOT}/Target Support Files/Pods-TestProject/Pods-TestProject-frameworks-${CONFIGURATION}-input-files.xcfilelist",
			);
			name = "[CP] Embed Pods Frameworks";
			outputFileListPaths = (
				"${PODS_ROOT}/Target Support Files/Pods-TestProject/Pods-TestProject-frameworks-${CONFIGURATION}-output-files.xcfilelist",
			);
			runOnlyForDeploymentPostprocessing = 0;
			shellPath = /bin/sh;
			shellScript = "\"${PODS_ROOT}/Target Support Files/Pods-TestProject/Pods-TestProject-frameworks.sh\"\n";
			showEnvVarsInLog = 0;
		};
/* End PBXShellScriptBuildPhase section */

/* Begin PBXSourcesBuildPhase section */
		87EDC476230AB8870059B174 /* Sources */ = {
			isa = PBXSourcesBuildPhase;
			buildActionMask = 2147483647;
			files = (
				87EDC480230AB8870059B174 /* ViewController.swift in Sources */,
				87EDC47E230AB8870059B174 /* AppDelegate.swift in Sources */,
			);
			runOnlyForDeploymentPostprocessing = 0;
		};
/* End PBXSourcesBuildPhase section */

/* Begin PBXVariantGroup section */
		87EDC481230AB8870059B174 /* Main.storyboard */ = {
			isa = PBXVariantGroup;
			children = (
				87EDC482230AB8870059B174 /* Base */,
			);
			name = Main.storyboard;
			sourceTree = "<group>";
		};
		87EDC486230AB8880059B174 /* LaunchScreen.storyboard */ = {
			isa = PBXVariantGroup;
			children = (
				87EDC487230AB8880059B174 /* Base */,
			);
			name = LaunchScreen.storyboard;
			sourceTree = "<group>";
		};
/* End PBXVariantGroup section */

/* Begin XCBuildConfiguration section */
		87EDC48A230AB8880059B174 /* Debug */ = {
			isa = XCBuildConfiguration;
			buildSettings = {
				ALWAYS_SEARCH_USER_PATHS = NO;
				CLANG_ANALYZER_NONNULL = YES;
				CLANG_ANALYZER_NUMBER_OBJECT_CONVERSION = YES_AGGRESSIVE;
				CLANG_CXX_LANGUAGE_STANDARD = "gnu++14";
				CLANG_CXX_LIBRARY = "libc++";
				CLANG_ENABLE_MODULES = YES;
				CLANG_ENABLE_OBJC_ARC = YES;
				CLANG_ENABLE_OBJC_WEAK = YES;
				CLANG_WARN_BLOCK_CAPTURE_AUTORELEASING = YES;
				CLANG_WARN_BOOL_CONVERSION = YES;
				CLANG_WARN_COMMA = YES;
				CLANG_WARN_CONSTANT_CONVERSION = YES;
				CLANG_WARN_DEPRECATED_OBJC_IMPLEMENTATIONS = YES;
				CLANG_WARN_DIRECT_OBJC_ISA_USAGE = YES_ERROR;
				CLANG_WARN_DOCUMENTATION_COMMENTS = YES;
				CLANG_WARN_EMPTY_BODY = YES;
				CLANG_WARN_ENUM_CONVERSION = YES;
				CLANG_WARN_INFINITE_RECURSION = YES;
				CLANG_WARN_INT_CONVERSION = YES;
				CLANG_WARN_NON_LITERAL_NULL_CONVERSION = YES;
				CLANG_WARN_OBJC_IMPLICIT_RETAIN_SELF = YES;
				CLANG_WARN_OBJC_LITERAL_CONVERSION = YES;
				CLANG_WARN_OBJC_ROOT_CLASS = YES_ERROR;
				CLANG_WARN_RANGE_LOOP_ANALYSIS = YES;
				CLANG_WARN_STRICT_PROTOTYPES = YES;
				CLANG_WARN_SUSPICIOUS_MOVE = YES;
				CLANG_WARN_UNGUARDED_AVAILABILITY = YES_AGGRESSIVE;
				CLANG_WARN_UNREACHABLE_CODE = YES;
				CLANG_WARN__DUPLICATE_METHOD_MATCH = YES;
				CODE_SIGN_IDENTITY = "iPhone Developer";
				COPY_PHASE_STRIP = NO;
				DEBUG_INFORMATION_FORMAT = dwarf;
				ENABLE_STRICT_OBJC_MSGSEND = YES;
				ENABLE_TESTABILITY = YES;
				GCC_C_LANGUAGE_STANDARD = gnu11;
				GCC_DYNAMIC_NO_PIC = NO;
				GCC_NO_COMMON_BLOCKS = YES;
				GCC_OPTIMIZATION_LEVEL = 0;
				GCC_PREPROCESSOR_DEFINITIONS = (
					"DEBUG=1",
					"$(inherited)",
				);
				GCC_WARN_64_TO_32_BIT_CONVERSION = YES;
				GCC_WARN_ABOUT_RETURN_TYPE = YES_ERROR;
				GCC_WARN_UNDECLARED_SELECTOR = YES;
				GCC_WARN_UNINITIALIZED_AUTOS = YES_AGGRESSIVE;
				GCC_WARN_UNUSED_FUNCTION = YES;
				GCC_WARN_UNUSED_VARIABLE = YES;
				IPHONEOS_DEPLOYMENT_TARGET = 12.4;
				MTL_ENABLE_DEBUG_INFO = INCLUDE_SOURCE;
				MTL_FAST_MATH = YES;
				ONLY_ACTIVE_ARCH = YES;
				SDKROOT = iphoneos;
				SWIFT_ACTIVE_COMPILATION_CONDITIONS = DEBUG;
				SWIFT_OPTIMIZATION_LEVEL = "-Onone";
			};
			name = Debug;
		};
		87EDC48B230AB8880059B174 /* Release */ = {
			isa = XCBuildConfiguration;
			buildSettings = {
				ALWAYS_SEARCH_USER_PATHS = NO;
				CLANG_ANALYZER_NONNULL = YES;
				CLANG_ANALYZER_NUMBER_OBJECT_CONVERSION = YES_AGGRESSIVE;
				CLANG_CXX_LANGUAGE_STANDARD = "gnu++14";
				CLANG_CXX_LIBRARY = "libc++";
				CLANG_ENABLE_MODULES = YES;
				CLANG_ENABLE_OBJC_ARC = YES;
				CLANG_ENABLE_OBJC_WEAK = YES;
				CLANG_WARN_BLOCK_CAPTURE_AUTORELEASING = YES;
				CLANG_WARN_BOOL_CONVERSION = YES;
				CLANG_WARN_COMMA = YES;
				CLANG_WARN_CONSTANT_CONVERSION = YES;
				CLANG_WARN_DEPRECATED_OBJC_IMPLEMENTATIONS = YES;
				CLANG_WARN_DIRECT_OBJC_ISA_USAGE = YES_ERROR;
				CLANG_WARN_DOCUMENTATION_COMMENTS = YES;
				CLANG_WARN_EMPTY_BODY = YES;
				CLANG_WARN_ENUM_CONVERSION = YES;
				CLANG_WARN_INFINITE_RECURSION = YES;
				CLANG_WARN_INT_CONVERSION = YES;
				CLANG_WARN_NON_LITERAL_NULL_CONVERSION = YES;
				CLANG_WARN_OBJC_IMPLICIT_RETAIN_SELF = YES;
				CLANG_WARN_OBJC_LITERAL_CONVERSION = YES;
				CLANG_WARN_OBJC_ROOT_CLASS = YES_ERROR;
				CLANG_WARN_RANGE_LOOP_ANALYSIS = YES;
				CLANG_WARN_STRICT_PROTOTYPES = YES;
				CLANG_WARN_SUSPICIOUS_MOVE = YES;
				CLANG_WARN_UNGUARDED_AVAILABILITY = YES_AGGRESSIVE;
				CLANG_WARN_UNREACHABLE_CODE = YES;
				CLANG_WARN__DUPLICATE_METHOD_MATCH = YES;
				CODE_SIGN_IDENTITY = "iPhone Developer";
				COPY_PHASE_STRIP = NO;
				DEBUG_INFORMATION_FORMAT = "dwarf-with-dsym";
				ENABLE_NS_ASSERTIONS = NO;
				ENABLE_STRICT_OBJC_MSGSEND = YES;
				GCC_C_LANGUAGE_STANDARD = gnu11;
				GCC_NO_COMMON_BLOCKS = YES;
				GCC_WARN_64_TO_32_BIT_CONVERSION = YES;
				GCC_WARN_ABOUT_RETURN_TYPE = YES_ERROR;
				GCC_WARN_UNDECLARED_SELECTOR = YES;
				GCC_WARN_UNINITIALIZED_AUTOS = YES_AGGRESSIVE;
				GCC_WARN_UNUSED_FUNCTION = YES;
				GCC_WARN_UNUSED_VARIABLE = YES;
				IPHONEOS_DEPLOYMENT_TARGET = 12.4;
				MTL_ENABLE_DEBUG_INFO = NO;
				MTL_FAST_MATH = YES;
				SDKROOT = iphoneos;
				SWIFT_COMPILATION_MODE = wholemodule;
				SWIFT_OPTIMIZATION_LEVEL = "-O";
				VALIDATE_PRODUCT = YES;
			};
			name = Release;
		};
		87EDC48D230AB8880059B174 /* Debug */ = {
			isa = XCBuildConfiguration;
			baseConfigurationReference = A01CC04C18FF1FC01AA52AE2 /* Pods-TestProject.debug.xcconfig */;
			buildSettings = {
				ASSETCATALOG_COMPILER_APPICON_NAME = AppIcon;
				CLANG_ENABLE_MODULES = YES;
				CODE_SIGN_STYLE = Automatic;
				FRAMEWORK_SEARCH_PATHS = (
					"$(inherited)",
					"$(PROJECT_DIR)/TestProject",
					"$(PROJECT_DIR)",
				);
				INFOPLIST_FILE = TestProject/Info.plist;
				LD_RUNPATH_SEARCH_PATHS = (
					"$(inherited)",
					"@executable_path/Frameworks",
				);
				OTHER_LDFLAGS = (
					"-framework",
					YjiPodModule,
				);
				PRODUCT_BUNDLE_IDENTIFIER = com.jiyun.TestProject;
				PRODUCT_NAME = "$(TARGET_NAME)";
				SWIFT_OBJC_BRIDGING_HEADER = "TestProject/TestProject-Bridging-Header.h";
				SWIFT_OPTIMIZATION_LEVEL = "-Onone";
				SWIFT_VERSION = 5.0;
				TARGETED_DEVICE_FAMILY = "1,2";
			};
			name = Debug;
		};
		87EDC48E230AB8880059B174 /* Release */ = {
			isa = XCBuildConfiguration;
			baseConfigurationReference = 700693FDB2D1A9504654AEDE /* Pods-TestProject.release.xcconfig */;
			buildSettings = {
				ASSETCATALOG_COMPILER_APPICON_NAME = AppIcon;
				CLANG_ENABLE_MODULES = YES;
				CODE_SIGN_STYLE = Automatic;
				FRAMEWORK_SEARCH_PATHS = (
					"$(inherited)",
					"$(PROJECT_DIR)/TestProject",
					"$(PROJECT_DIR)",
				);
				INFOPLIST_FILE = TestProject/Info.plist;
				LD_RUNPATH_SEARCH_PATHS = (
					"$(inherited)",
					"@executable_path/Frameworks",
				);
				OTHER_LDFLAGS = (
					"-framework",
					YjiPodModule,
				);
				PRODUCT_BUNDLE_IDENTIFIER = com.jiyun.TestProject;
				PRODUCT_NAME = "$(TARGET_NAME)";
				SWIFT_OBJC_BRIDGING_HEADER = "TestProject/TestProject-Bridging-Header.h";
				SWIFT_VERSION = 5.0;
				TARGETED_DEVICE_FAMILY = "1,2";
			};
			name = Release;
		};
/* End XCBuildConfiguration section */

/* Begin XCConfigurationList section */
		87EDC475230AB8870059B174 /* Build configuration list for PBXProject "TestProject" */ = {
			isa = XCConfigurationList;
			buildConfigurations = (
				87EDC48A230AB8880059B174 /* Debug */,
				87EDC48B230AB8880059B174 /* Release */,
			);
			defaultConfigurationIsVisible = 0;
			defaultConfigurationName = Release;
		};
		87EDC48C230AB8880059B174 /* Build configuration list for PBXNativeTarget "TestProject" */ = {
			isa = XCConfigurationList;
			buildConfigurations = (
				87EDC48D230AB8880059B174 /* Debug */,
				87EDC48E230AB8880059B174 /* Release */,
			);
			defaultConfigurationIsVisible = 0;
			defaultConfigurationName = Release;
		};
/* End XCConfigurationList section */
	};
	rootObject = 87EDC472230AB8870059B174 /* Project object */;
}
